
Microsoft Visual Studio Solution File, Format Version 12.00
# Visual Studio 15
VisualStudioVersion = 15.0.26403.7
MinimumVisualStudioVersion = 10.0.40219.1
Project("{9A19103F-16F7-4668-BE54-9A1E7A4F7556}") = "Beto.Core", "Beto.Core\Beto.Core.csproj", "{F7D82245-7426-4A93-8B90-F330994C2C1F}"
EndProject
Project("{9A19103F-16F7-4668-BE54-9A1E7A4F7556}") = "Beto.Core.Web", "Beto.Core.Web\Beto.Core.Web.csproj", "{C17C0C0E-6677-4949-9DE4-AAA5CA67970F}"
EndProject
Project("{9A19103F-16F7-4668-BE54-9A1E7A4F7556}") = "Beto.Core.Data", "Beto.Core.Data\Beto.Core.Data.csproj", "{BF9E3A13-6090-4765-90C9-514DC7F43C86}"
EndProject
Project("{FAE04EC0-301F-11D3-BF4B-00C04F79EFBC}") = "Beto.Core.Tests", "Beto.Core.Tests\Beto.Core.Tests.csproj", "{39BA0F6A-2909-407F-A6C2-239D68846621}"
EndProject
Project("{FAE04EC0-301F-11D3-BF4B-00C04F79EFBC}") = "Beto.Core.Data.Tests", "Beto.Core.Data.Tests\Beto.Core.Data.Tests.csproj", "{640053EA-A1B1-42DE-AC53-D7AC431673BC}"
EndProject
Project("{FAE04EC0-301F-11D3-BF4B-00C04F79EFBC}") = "Beto.Core.Web.Tests", "Beto.Core.Web.Tests\Beto.Core.Web.Tests.csproj", "{7055AF1C-86E5-48B9-85EF-BE365B3206B5}"
EndProject
Project("{2150E333-8FDC-42A3-9474-1A3956D46DE8}") = "tests", "tests", "{BA58BCE2-07E4-451A-955B-01B55575A205}"
EndProject
Project("{2150E333-8FDC-42A3-9474-1A3956D46DE8}") = "src", "src", "{36C44582-1754-42D2-B4E1-9F9D64D013B4}"
EndProject
Global
	GlobalSection(SolutionConfigurationPlatforms) = preSolution
		Debug|Any CPU = Debug|Any CPU
		Release|Any CPU = Release|Any CPU
	EndGlobalSection
	GlobalSection(ProjectConfigurationPlatforms) = postSolution
		{F7D82245-7426-4A93-8B90-F330994C2C1F}.Debug|Any CPU.ActiveCfg = Debug|Any CPU
		{F7D82245-7426-4A93-8B90-F330994C2C1F}.Debug|Any CPU.Build.0 = Debug|Any CPU
		{F7D82245-7426-4A93-8B90-F330994C2C1F}.Release|Any CPU.ActiveCfg = Release|Any CPU
		{F7D82245-7426-4A93-8B90-F330994C2C1F}.Release|Any CPU.Build.0 = Release|Any CPU
		{C17C0C0E-6677-4949-9DE4-AAA5CA67970F}.Debug|Any CPU.ActiveCfg = Debug|Any CPU
		{C17C0C0E-6677-4949-9DE4-AAA5CA67970F}.Debug|Any CPU.Build.0 = Debug|Any CPU
		{C17C0C0E-6677-4949-9DE4-AAA5CA67970F}.Release|Any CPU.ActiveCfg = Release|Any CPU
		{C17C0C0E-6677-4949-9DE4-AAA5CA67970F}.Release|Any CPU.Build.0 = Release|Any CPU
		{BF9E3A13-6090-4765-90C9-514DC7F43C86}.Debug|Any CPU.ActiveCfg = Debug|Any CPU
		{BF9E3A13-6090-4765-90C9-514DC7F43C86}.Debug|Any CPU.Build.0 = Debug|Any CPU
		{BF9E3A13-6090-4765-90C9-514DC7F43C86}.Release|Any CPU.ActiveCfg = Release|Any CPU
		{BF9E3A13-6090-4765-90C9-514DC7F43C86}.Release|Any CPU.Build.0 = Release|Any CPU
		{39BA0F6A-2909-407F-A6C2-239D68846621}.Debug|Any CPU.ActiveCfg = Debug|Any CPU
		{39BA0F6A-2909-407F-A6C2-239D68846621}.Debug|Any CPU.Build.0 = Debug|Any CPU
		{39BA0F6A-2909-407F-A6C2-239D68846621}.Release|Any CPU.ActiveCfg = Release|Any CPU
		{39BA0F6A-2909-407F-A6C2-239D68846621}.Release|Any CPU.Build.0 = Release|Any CPU
		{640053EA-A1B1-42DE-AC53-D7AC431673BC}.Debug|Any CPU.ActiveCfg = Debug|Any CPU
		{640053EA-A1B1-42DE-AC53-D7AC431673BC}.Debug|Any CPU.Build.0 = Debug|Any CPU
		{640053EA-A1B1-42DE-AC53-D7AC431673BC}.Release|Any CPU.ActiveCfg = Release|Any CPU
		{640053EA-A1B1-42DE-AC53-D7AC431673BC}.Release|Any CPU.Build.0 = Release|Any CPU
		{7055AF1C-86E5-48B9-85EF-BE365B3206B5}.Debug|Any CPU.ActiveCfg = Debug|Any CPU
		{7055AF1C-86E5-48B9-85EF-BE365B3206B5}.Debug|Any CPU.Build.0 = Debug|Any CPU
		{7055AF1C-86E5-48B9-85EF-BE365B3206B5}.Release|Any CPU.ActiveCfg = Release|Any CPU
		{7055AF1C-86E5-48B9-85EF-BE365B3206B5}.Release|Any CPU.Build.0 = Release|Any CPU
	EndGlobalSection
	GlobalSection(SolutionProperties) = preSolution
		HideSolutionNode = FALSE
	EndGlobalSection
	GlobalSection(NestedProjects) = preSolution
		{F7D82245-7426-4A93-8B90-F330994C2C1F} = {36C44582-1754-42D2-B4E1-9F9D64D013B4}
		{C17C0C0E-6677-4949-9DE4-AAA5CA67970F} = {36C44582-1754-42D2-B4E1-9F9D64D013B4}
		{BF9E3A13-6090-4765-90C9-514DC7F43C86} = {36C44582-1754-42D2-B4E1-9F9D64D013B4}
		{39BA0F6A-2909-407F-A6C2-239D68846621} = {BA58BCE2-07E4-451A-955B-01B55575A205}
		{640053EA-A1B1-42DE-AC53-D7AC431673BC} = {BA58BCE2-07E4-451A-955B-01B55575A205}
		{7055AF1C-86E5-48B9-85EF-BE365B3206B5} = {BA58BCE2-07E4-451A-955B-01B55575A205}
	EndGlobalSection
	GlobalSection(ExtensibilityGlobals) = postSolution
		SolutionGuid = {F710EFD0-8723-4942-B2E4-AB7A0A576E9D}
	EndGlobalSection
EndGlobal
